
Microsoft Visual Studio Solution File, Format Version 12.00
# Visual Studio Version 16
VisualStudioVersion = 16.0.31911.196
MinimumVisualStudioVersion = 10.0.40219.1
Project("{FAE04EC0-301F-11D3-BF4B-00C04F79EFBC}") = "AppLifecycleTutorial.Android", "AppLifecycleTutorial\AppLifecycleTutorial.Android\AppLifecycleTutorial.Android.csproj", "{9C9C4F97-72A8-48CC-9532-5E2CCF18E0B7}"
EndProject
Project("{FAE04EC0-301F-11D3-BF4B-00C04F79EFBC}") = "AppLifecycleTutorial.iOS", "AppLifecycleTutorial\AppLifecycleTutorial.iOS\AppLifecycleTutorial.iOS.csproj", "{D90745D9-AC0D-4C91-B9DD-CF5B5F02FCB8}"
EndProject
Project("{FAE04EC0-301F-11D3-BF4B-00C04F79EFBC}") = "AppLifecycleTutorial", "AppLifecycleTutorial\AppLifecycleTutorial\AppLifecycleTutorial.csproj", "{BEE7BD7A-3D72-4CDC-9DAA-ACEF4D0C560B}"
EndProject
Global
	GlobalSection(SolutionConfigurationPlatforms) = preSolution
		Debug|Any CPU = Debug|Any CPU
		Debug|iPhone = Debug|iPhone
		Debug|iPhoneSimulator = Debug|iPhoneSimulator
		Release|Any CPU = Release|Any CPU
		Release|iPhone = Release|iPhone
		Release|iPhoneSimulator = Release|iPhoneSimulator
	EndGlobalSection
	GlobalSection(ProjectConfigurationPlatforms) = postSolution
		{9C9C4F97-72A8-48CC-9532-5E2CCF18E0B7}.Debug|Any CPU.ActiveCfg = Debug|Any CPU
		{9C9C4F97-72A8-48CC-9532-5E2CCF18E0B7}.Debug|Any CPU.Build.0 = Debug|Any CPU
		{9C9C4F97-72A8-48CC-9532-5E2CCF18E0B7}.Debug|Any CPU.Deploy.0 = Debug|Any CPU
		{9C9C4F97-72A8-48CC-9532-5E2CCF18E0B7}.Debug|iPhone.ActiveCfg = Debug|Any CPU
		{9C9C4F97-72A8-48CC-9532-5E2CCF18E0B7}.Debug|iPhone.Build.0 = Debug|Any CPU
		{9C9C4F97-72A8-48CC-9532-5E2CCF18E0B7}.Debug|iPhone.Deploy.0 = Debug|Any CPU
		{9C9C4F97-72A8-48CC-9532-5E2CCF18E0B7}.Debug|iPhoneSimulator.ActiveCfg = Debug|Any CPU
		{9C9C4F97-72A8-48CC-9532-5E2CCF18E0B7}.Debug|iPhoneSimulator.Build.0 = Debug|Any CPU
		{9C9C4F97-72A8-48CC-9532-5E2CCF18E0B7}.Debug|iPhoneSimulator.Deploy.0 = Debug|Any CPU
		{9C9C4F97-72A8-48CC-9532-5E2CCF18E0B7}.Release|Any CPU.ActiveCfg = Release|Any CPU
		{9C9C4F97-72A8-48CC-9532-5E2CCF18E0B7}.Release|Any CPU.Build.0 = Release|Any CPU
		{9C9C4F97-72A8-48CC-9532-5E2CCF18E0B7}.Release|Any CPU.Deploy.0 = Release|Any CPU
		{9C9C4F97-72A8-48CC-9532-5E2CCF18E0B7}.Release|iPhone.ActiveCfg = Release|Any CPU
		{9C9C4F97-72A8-48CC-9532-5E2CCF18E0B7}.Release|iPhone.Build.0 = Release|Any CPU
		{9C9C4F97-72A8-48CC-9532-5E2CCF18E0B7}.Release|iPhone.Deploy.0 = Release|Any CPU
		{9C9C4F97-72A8-48CC-9532-5E2CCF18E0B7}.Release|iPhoneSimulator.ActiveCfg = Release|Any CPU
		{9C9C4F97-72A8-48CC-9532-5E2CCF18E0B7}.Release|iPhoneSimulator.Build.0 = Release|Any CPU
		{9C9C4F97-72A8-48CC-9532-5E2CCF18E0B7}.Release|iPhoneSimulator.Deploy.0 = Release|Any CPU
		{D90745D9-AC0D-4C91-B9DD-CF5B5F02FCB8}.Debug|Any CPU.ActiveCfg = Debug|iPhone
		{D90745D9-AC0D-4C91-B9DD-CF5B5F02FCB8}.Debug|Any CPU.Build.0 = Debug|iPhone
		{D90745D9-AC0D-4C91-B9DD-CF5B5F02FCB8}.Debug|Any CPU.Deploy.0 = Debug|iPhone
		{D90745D9-AC0D-4C91-B9DD-CF5B5F02FCB8}.Debug|iPhone.ActiveCfg = Debug|iPhone
		{D90745D9-AC0D-4C91-B9DD-CF5B5F02FCB8}.Debug|iPhone.Build.0 = Debug|iPhone
		{D90745D9-AC0D-4C91-B9DD-CF5B5F02FCB8}.Debug|iPhone.Deploy.0 = Debug|iPhone
		{D90745D9-AC0D-4C91-B9DD-CF5B5F02FCB8}.Debug|iPhoneSimulator.ActiveCfg = Debug|iPhoneSimulator
		{D90745D9-AC0D-4C91-B9DD-CF5B5F02FCB8}.Debug|iPhoneSimulator.Build.0 = Debug|iPhoneSimulator
		{D90745D9-AC0D-4C91-B9DD-CF5B5F02FCB8}.Debug|iPhoneSimulator.Deploy.0 = Debug|iPhoneSimulator
		{D90745D9-AC0D-4C91-B9DD-CF5B5F02FCB8}.Release|Any CPU.ActiveCfg = Release|iPhoneSimulator
		{D90745D9-AC0D-4C91-B9DD-CF5B5F02FCB8}.Release|Any CPU.Build.0 = Release|iPhoneSimulator
		{D90745D9-AC0D-4C91-B9DD-CF5B5F02FCB8}.Release|Any CPU.Deploy.0 = Release|iPhoneSimulator
		{D90745D9-AC0D-4C91-B9DD-CF5B5F02FCB8}.Release|iPhone.ActiveCfg = Release|iPhone
		{D90745D9-AC0D-4C91-B9DD-CF5B5F02FCB8}.Release|iPhone.Build.0 = Release|iPhone
		{D90745D9-AC0D-4C91-B9DD-CF5B5F02FCB8}.Release|iPhone.Deploy.0 = Release|iPhone
		{D90745D9-AC0D-4C91-B9DD-CF5B5F02FCB8}.Release|iPhoneSimulator.ActiveCfg = Release|iPhoneSimulator
		{D90745D9-AC0D-4C91-B9DD-CF5B5F02FCB8}.Release|iPhoneSimulator.Build.0 = Release|iPhoneSimulator
		{D90745D9-AC0D-4C91-B9DD-CF5B5F02FCB8}.Release|iPhoneSimulator.Deploy.0 = Release|iPhoneSimulator
		{BEE7BD7A-3D72-4CDC-9DAA-ACEF4D0C560B}.Debug|Any CPU.ActiveCfg = Debug|Any CPU
		{BEE7BD7A-3D72-4CDC-9DAA-ACEF4D0C560B}.Debug|Any CPU.Build.0 = Debug|Any CPU
		{BEE7BD7A-3D72-4CDC-9DAA-ACEF4D0C560B}.Debug|Any CPU.Deploy.0 = Debug|Any CPU
		{BEE7BD7A-3D72-4CDC-9DAA-ACEF4D0C560B}.Debug|iPhone.ActiveCfg = Debug|Any CPU
		{BEE7BD7A-3D72-4CDC-9DAA-ACEF4D0C560B}.Debug|iPhone.Build.0 = Debug|Any CPU
		{BEE7BD7A-3D72-4CDC-9DAA-ACEF4D0C560B}.Debug|iPhone.Deploy.0 = Debug|Any CPU
		{BEE7BD7A-3D72-4CDC-9DAA-ACEF4D0C560B}.Debug|iPhoneSimulator.ActiveCfg = Debug|Any CPU
		{BEE7BD7A-3D72-4CDC-9DAA-ACEF4D0C560B}.Debug|iPhoneSimulator.Build.0 = Debug|Any CPU
		{BEE7BD7A-3D72-4CDC-9DAA-ACEF4D0C560B}.Debug|iPhoneSimulator.Deploy.0 = Debug|Any CPU
		{BEE7BD7A-3D72-4CDC-9DAA-ACEF4D0C560B}.Release|Any CPU.ActiveCfg = Release|Any CPU
		{BEE7BD7A-3D72-4CDC-9DAA-ACEF4D0C560B}.Release|Any CPU.Build.0 = Release|Any CPU
		{BEE7BD7A-3D72-4CDC-9DAA-ACEF4D0C560B}.Release|Any CPU.Deploy.0 = Release|Any CPU
		{BEE7BD7A-3D72-4CDC-9DAA-ACEF4D0C560B}.Release|iPhone.ActiveCfg = Release|Any CPU
		{BEE7BD7A-3D72-4CDC-9DAA-ACEF4D0C560B}.Release|iPhone.Build.0 = Release|Any CPU
		{BEE7BD7A-3D72-4CDC-9DAA-ACEF4D0C560B}.Release|iPhone.Deploy.0 = Release|Any CPU
		{BEE7BD7A-3D72-4CDC-9DAA-ACEF4D0C560B}.Release|iPhoneSimulator.ActiveCfg = Release|Any CPU
		{BEE7BD7A-3D72-4CDC-9DAA-ACEF4D0C560B}.Release|iPhoneSimulator.Build.0 = Release|Any CPU
		{BEE7BD7A-3D72-4CDC-9DAA-ACEF4D0C560B}.Release|iPhoneSimulator.Deploy.0 = Release|Any CPU
	EndGlobalSection
	GlobalSection(SolutionProperties) = preSolution
		HideSolutionNode = FALSE
	EndGlobalSection
	GlobalSection(ExtensibilityGlobals) = postSolution
		SolutionGuid = {CD66DBC3-4462-4D7E-B619-AFACA5E88175}
	EndGlobalSection
EndGlobal
